
Microsoft Visual Studio Solution File, Format Version 12.00
# Visual Studio Version 16
VisualStudioVersion = 16.0.29519.87
MinimumVisualStudioVersion = 10.0.40219.1
Project("{D954291E-2A0B-460D-934E-DC6B0785DB48}") = "Common", "Common\Common.shproj", "{1E24D9BB-68A8-4A6F-A11B-3BF28C80AE0F}"
EndProject
Project("{FAE04EC0-301F-11D3-BF4B-00C04F79EFBC}") = "DeathRun", "DeathRun\DeathRun.csproj", "{C69E9DBA-79B9-4ACE-84B8-43860168842E}"
EndProject
Global
	GlobalSection(SharedMSBuildProjectFiles) = preSolution
		Common\Common.projitems*{1e24d9bb-68a8-4a6f-a11b-3bf28c80ae0f}*SharedItemsImports = 13
		Common\Common.projitems*{c69e9dba-79b9-4ace-84b8-43860168842e}*SharedItemsImports = 4
	EndGlobalSection
	GlobalSection(SolutionConfigurationPlatforms) = preSolution
		Debug|Any CPU = Debug|Any CPU
		Release|Any CPU = Release|Any CPU
	EndGlobalSection
	GlobalSection(ProjectConfigurationPlatforms) = postSolution
		{C69E9DBA-79B9-4ACE-84B8-43860168842E}.Debug|Any CPU.ActiveCfg = Debug|Any CPU
		{C69E9DBA-79B9-4ACE-84B8-43860168842E}.Debug|Any CPU.Build.0 = Debug|Any CPU
		{C69E9DBA-79B9-4ACE-84B8-43860168842E}.Release|Any CPU.ActiveCfg = Release|Any CPU
		{C69E9DBA-79B9-4ACE-84B8-43860168842E}.Release|Any CPU.Build.0 = Release|Any CPU
	EndGlobalSection
	GlobalSection(SolutionProperties) = preSolution
		HideSolutionNode = FALSE
	EndGlobalSection
	GlobalSection(ExtensibilityGlobals) = postSolution
		SolutionGuid = {D9C7EEDC-DEDA-436E-B067-F5274DDAB41B}
	EndGlobalSection
EndGlobal
