
Microsoft Visual Studio Solution File, Format Version 12.00
# Visual Studio 15
VisualStudioVersion = 15.0.28307.421
MinimumVisualStudioVersion = 10.0.40219.1
Project("{FAE04EC0-301F-11D3-BF4B-00C04F79EFBC}") = "EnzymeChargedBattery", "EnzymeChargedBattery\EnzymeChargedBattery.csproj", "{39CC905C-3211-4459-B54B-1FFB61C47E01}"
EndProject
Project("{FAE04EC0-301F-11D3-BF4B-00C04F79EFBC}") = "BiomeHUDIndicator", "BiomeHUDIndicator\BiomeHUDIndicator.csproj", "{2AA24749-84AE-44FC-9BF3-10E18BAEFB7C}"
EndProject
Project("{FAE04EC0-301F-11D3-BF4B-00C04F79EFBC}") = "NoObservatoryMusic", "NoObservatoryMusic\NoObservatoryMusic.csproj", "{D6B0552D-C642-44AA-81C6-43FBF235F71E}"
EndProject
Project("{FAE04EC0-301F-11D3-BF4B-00C04F79EFBC}") = "RotateMoonpool", "RotateMoonpool\RotateMoonpool.csproj", "{0DEA9615-0A78-4AA7-A2A2-017E0A15DE3C}"
EndProject
Project("{FAE04EC0-301F-11D3-BF4B-00C04F79EFBC}") = "NitrogenMod", "NitrogenMod\NitrogenMod.csproj", "{C69E9DBA-79B9-4ACE-84B8-43860168842E}"
EndProject
Global
	GlobalSection(SolutionConfigurationPlatforms) = preSolution
		Debug|Any CPU = Debug|Any CPU
		Release|Any CPU = Release|Any CPU
	EndGlobalSection
	GlobalSection(ProjectConfigurationPlatforms) = postSolution
		{39CC905C-3211-4459-B54B-1FFB61C47E01}.Debug|Any CPU.ActiveCfg = Debug|Any CPU
		{39CC905C-3211-4459-B54B-1FFB61C47E01}.Debug|Any CPU.Build.0 = Debug|Any CPU
		{39CC905C-3211-4459-B54B-1FFB61C47E01}.Release|Any CPU.ActiveCfg = Release|Any CPU
		{39CC905C-3211-4459-B54B-1FFB61C47E01}.Release|Any CPU.Build.0 = Release|Any CPU
		{2AA24749-84AE-44FC-9BF3-10E18BAEFB7C}.Debug|Any CPU.ActiveCfg = Debug|Any CPU
		{2AA24749-84AE-44FC-9BF3-10E18BAEFB7C}.Debug|Any CPU.Build.0 = Debug|Any CPU
		{2AA24749-84AE-44FC-9BF3-10E18BAEFB7C}.Release|Any CPU.ActiveCfg = Release|Any CPU
		{2AA24749-84AE-44FC-9BF3-10E18BAEFB7C}.Release|Any CPU.Build.0 = Release|Any CPU
		{D6B0552D-C642-44AA-81C6-43FBF235F71E}.Debug|Any CPU.ActiveCfg = Debug|Any CPU
		{D6B0552D-C642-44AA-81C6-43FBF235F71E}.Debug|Any CPU.Build.0 = Debug|Any CPU
		{D6B0552D-C642-44AA-81C6-43FBF235F71E}.Release|Any CPU.ActiveCfg = Release|Any CPU
		{D6B0552D-C642-44AA-81C6-43FBF235F71E}.Release|Any CPU.Build.0 = Release|Any CPU
		{0DEA9615-0A78-4AA7-A2A2-017E0A15DE3C}.Debug|Any CPU.ActiveCfg = Debug|Any CPU
		{0DEA9615-0A78-4AA7-A2A2-017E0A15DE3C}.Debug|Any CPU.Build.0 = Debug|Any CPU
		{0DEA9615-0A78-4AA7-A2A2-017E0A15DE3C}.Release|Any CPU.ActiveCfg = Release|Any CPU
		{0DEA9615-0A78-4AA7-A2A2-017E0A15DE3C}.Release|Any CPU.Build.0 = Release|Any CPU
		{C69E9DBA-79B9-4ACE-84B8-43860168842E}.Debug|Any CPU.ActiveCfg = Debug|Any CPU
		{C69E9DBA-79B9-4ACE-84B8-43860168842E}.Debug|Any CPU.Build.0 = Debug|Any CPU
		{C69E9DBA-79B9-4ACE-84B8-43860168842E}.Release|Any CPU.ActiveCfg = Release|Any CPU
		{C69E9DBA-79B9-4ACE-84B8-43860168842E}.Release|Any CPU.Build.0 = Release|Any CPU
	EndGlobalSection
	GlobalSection(SolutionProperties) = preSolution
		HideSolutionNode = FALSE
	EndGlobalSection
	GlobalSection(ExtensibilityGlobals) = postSolution
		SolutionGuid = {D9C7EEDC-DEDA-436E-B067-F5274DDAB41B}
	EndGlobalSection
EndGlobal
